
Microsoft Visual Studio Solution File, Format Version 12.00
# Visual Studio Version 16
VisualStudioVersion = 16.0.32106.194
MinimumVisualStudioVersion = 10.0.40219.1
Project("{FAE04EC0-301F-11D3-BF4B-00C04F79EFBC}") = "pr2", "pr2.csproj", "{ACB8718F-2524-43AC-918D-E2622884A2EB}"
EndProject
Global
	GlobalSection(SolutionConfigurationPlatforms) = preSolution
		Debug|Any CPU = Debug|Any CPU
		Release|Any CPU = Release|Any CPU
	EndGlobalSection
	GlobalSection(ProjectConfigurationPlatforms) = postSolution
		{ACB8718F-2524-43AC-918D-E2622884A2EB}.Debug|Any CPU.ActiveCfg = Debug|Any CPU
		{ACB8718F-2524-43AC-918D-E2622884A2EB}.Debug|Any CPU.Build.0 = Debug|Any CPU
		{ACB8718F-2524-43AC-918D-E2622884A2EB}.Release|Any CPU.ActiveCfg = Release|Any CPU
		{ACB8718F-2524-43AC-918D-E2622884A2EB}.Release|Any CPU.Build.0 = Release|Any CPU
	EndGlobalSection
	GlobalSection(SolutionProperties) = preSolution
		HideSolutionNode = FALSE
	EndGlobalSection
	GlobalSection(ExtensibilityGlobals) = postSolution
		SolutionGuid = {F99E20A4-DD2A-48AF-B197-B47A6D0FF6AF}
	EndGlobalSection
EndGlobal
